
Microsoft Visual Studio Solution File, Format Version 12.00
# Visual Studio 15
VisualStudioVersion = 15.0.28307.902
MinimumVisualStudioVersion = 10.0.40219.1
Project("{9A19103F-16F7-4668-BE54-9A1E7A4F7556}") = "RateSetter", "RateSetter\RateSetter.csproj", "{B65FFF49-AA58-4372-9B5F-2352E464AD67}"
EndProject
Project("{FAE04EC0-301F-11D3-BF4B-00C04F79EFBC}") = "RateSetter.Logics.Tests", "RateSetter.Logics.Tests\RateSetter.Logics.Tests.csproj", "{B8D515CE-7AC4-4D34-A166-863BD4077322}"
EndProject
Global
	GlobalSection(SolutionConfigurationPlatforms) = preSolution
		Debug|Any CPU = Debug|Any CPU
		Release|Any CPU = Release|Any CPU
	EndGlobalSection
	GlobalSection(ProjectConfigurationPlatforms) = postSolution
		{B65FFF49-AA58-4372-9B5F-2352E464AD67}.Debug|Any CPU.ActiveCfg = Debug|Any CPU
		{B65FFF49-AA58-4372-9B5F-2352E464AD67}.Debug|Any CPU.Build.0 = Debug|Any CPU
		{B65FFF49-AA58-4372-9B5F-2352E464AD67}.Release|Any CPU.ActiveCfg = Release|Any CPU
		{B65FFF49-AA58-4372-9B5F-2352E464AD67}.Release|Any CPU.Build.0 = Release|Any CPU
		{B8D515CE-7AC4-4D34-A166-863BD4077322}.Debug|Any CPU.ActiveCfg = Debug|Any CPU
		{B8D515CE-7AC4-4D34-A166-863BD4077322}.Debug|Any CPU.Build.0 = Debug|Any CPU
		{B8D515CE-7AC4-4D34-A166-863BD4077322}.Release|Any CPU.ActiveCfg = Release|Any CPU
		{B8D515CE-7AC4-4D34-A166-863BD4077322}.Release|Any CPU.Build.0 = Release|Any CPU
	EndGlobalSection
	GlobalSection(SolutionProperties) = preSolution
		HideSolutionNode = FALSE
	EndGlobalSection
	GlobalSection(ExtensibilityGlobals) = postSolution
		SolutionGuid = {224BFE01-EB2E-47F2-A84E-D17EB4162A2C}
	EndGlobalSection
EndGlobal
