
Microsoft Visual Studio Solution File, Format Version 12.00
# Visual Studio 15
VisualStudioVersion = 15.0.28307.902
MinimumVisualStudioVersion = 10.0.40219.1
Project("{FAE04EC0-301F-11D3-BF4B-00C04F79EFBC}") = "RateSetter", "RateSetter\RateSetter.csproj", "{16B71410-51BA-4015-BC8E-B44084C048EA}"
EndProject
Global
	GlobalSection(SolutionConfigurationPlatforms) = preSolution
		Debug|Any CPU = Debug|Any CPU
		Release|Any CPU = Release|Any CPU
	EndGlobalSection
	GlobalSection(ProjectConfigurationPlatforms) = postSolution
		{16B71410-51BA-4015-BC8E-B44084C048EA}.Debug|Any CPU.ActiveCfg = Debug|Any CPU
		{16B71410-51BA-4015-BC8E-B44084C048EA}.Debug|Any CPU.Build.0 = Debug|Any CPU
		{16B71410-51BA-4015-BC8E-B44084C048EA}.Release|Any CPU.ActiveCfg = Release|Any CPU
		{16B71410-51BA-4015-BC8E-B44084C048EA}.Release|Any CPU.Build.0 = Release|Any CPU
	EndGlobalSection
	GlobalSection(SolutionProperties) = preSolution
		HideSolutionNode = FALSE
	EndGlobalSection
	GlobalSection(ExtensibilityGlobals) = postSolution
		SolutionGuid = {224BFE01-EB2E-47F2-A84E-D17EB4162A2C}
	EndGlobalSection
EndGlobal
